
Microsoft Visual Studio Solution File, Format Version 12.00
# Visual Studio 15
VisualStudioVersion = 15.0.28307.329
MinimumVisualStudioVersion = 10.0.40219.1
Project("{FAE04EC0-301F-11D3-BF4B-00C04F79EFBC}") = "Trascon", "Trascon\Trascon.csproj", "{EE8B9965-0CF3-4354-BD94-E9DB15B5FF06}"
EndProject
Global
	GlobalSection(SolutionConfigurationPlatforms) = preSolution
		Debug|Any CPU = Debug|Any CPU
		Release|Any CPU = Release|Any CPU
	EndGlobalSection
	GlobalSection(ProjectConfigurationPlatforms) = postSolution
		{EE8B9965-0CF3-4354-BD94-E9DB15B5FF06}.Debug|Any CPU.ActiveCfg = Debug|Any CPU
		{EE8B9965-0CF3-4354-BD94-E9DB15B5FF06}.Debug|Any CPU.Build.0 = Debug|Any CPU
		{EE8B9965-0CF3-4354-BD94-E9DB15B5FF06}.Release|Any CPU.ActiveCfg = Release|Any CPU
		{EE8B9965-0CF3-4354-BD94-E9DB15B5FF06}.Release|Any CPU.Build.0 = Release|Any CPU
	EndGlobalSection
	GlobalSection(SolutionProperties) = preSolution
		HideSolutionNode = FALSE
	EndGlobalSection
	GlobalSection(ExtensibilityGlobals) = postSolution
		SolutionGuid = {01C07EDF-46F7-4413-B480-373C839DAF88}
	EndGlobalSection
EndGlobal
